
Microsoft Visual Studio Solution File, Format Version 12.00
# Visual Studio Version 17
VisualStudioVersion = 17.12.35707.178 d17.12
MinimumVisualStudioVersion = 10.0.40219.1
Project("{FAE04EC0-301F-11D3-BF4B-00C04F79EFBC}") = "FileManagerEx", "FileManagerEx\FileManagerEx.csproj", "{DEA0A079-A32C-45C1-857B-D2DF03CE6130}"
EndProject
Project("{FAE04EC0-301F-11D3-BF4B-00C04F79EFBC}") = "FileManagerEx.UnitTest", "FileManagerEx.UnitTest\FileManagerEx.UnitTest.csproj", "{3506787E-BF2B-46B6-861B-86714C6051FC}"
EndProject
Global
	GlobalSection(SolutionConfigurationPlatforms) = preSolution
		Debug|Any CPU = Debug|Any CPU
		Release|Any CPU = Release|Any CPU
	EndGlobalSection
	GlobalSection(ProjectConfigurationPlatforms) = postSolution
		{DEA0A079-A32C-45C1-857B-D2DF03CE6130}.Debug|Any CPU.ActiveCfg = Debug|Any CPU
		{DEA0A079-A32C-45C1-857B-D2DF03CE6130}.Debug|Any CPU.Build.0 = Debug|Any CPU
		{DEA0A079-A32C-45C1-857B-D2DF03CE6130}.Release|Any CPU.ActiveCfg = Release|Any CPU
		{DEA0A079-A32C-45C1-857B-D2DF03CE6130}.Release|Any CPU.Build.0 = Release|Any CPU
		{3506787E-BF2B-46B6-861B-86714C6051FC}.Debug|Any CPU.ActiveCfg = Debug|Any CPU
		{3506787E-BF2B-46B6-861B-86714C6051FC}.Debug|Any CPU.Build.0 = Debug|Any CPU
		{3506787E-BF2B-46B6-861B-86714C6051FC}.Release|Any CPU.ActiveCfg = Release|Any CPU
		{3506787E-BF2B-46B6-861B-86714C6051FC}.Release|Any CPU.Build.0 = Release|Any CPU
	EndGlobalSection
	GlobalSection(SolutionProperties) = preSolution
		HideSolutionNode = FALSE
	EndGlobalSection
EndGlobal
